{
  "name": "power-pages-lookup-to-select",
  "version": "0.9.0",
  "lockfileVersion": 3,
  "requires": true,
  "packages": {
    "": {
      "name": "power-pages-lookup-to-select",
      "version": "0.9.0",
      "license": "MIT",
      "dependencies": {
        "select2": "^4.1.0-rc.0"
      }
    },
    "node_modules/select2": {
      "version": "4.1.0-rc.0",
      "resolved": "https://registry.npmjs.org/select2/-/select2-4.1.0-rc.0.tgz",
      "integrity": "sha512-Hr9TdhyHCZUtwznEH2CBf7967mEM0idtJ5nMtjvk3Up5tPukOLXbHUNmh10oRfeNIhj+3GD3niu+g6sVK+gK0A=="
    }
  }
}
